
Microsoft Visual Studio Solution File, Format Version 12.00
# Visual Studio 15
VisualStudioVersion = 15.0.27703.2035
MinimumVisualStudioVersion = 10.0.40219.1
Project("{888888A0-9F3D-457C-B088-3A5042F75D52}") = "OpenRCT2_YouTubeAudio", "OpenRCT2_YouTubeAudio.pyproj", "{02DCF07F-12FA-4BED-9AF1-9F74DA330DA7}"
EndProject
Global
	GlobalSection(SolutionConfigurationPlatforms) = preSolution
		Debug|Any CPU = Debug|Any CPU
		Release|Any CPU = Release|Any CPU
	EndGlobalSection
	GlobalSection(ProjectConfigurationPlatforms) = postSolution
		{02DCF07F-12FA-4BED-9AF1-9F74DA330DA7}.Debug|Any CPU.ActiveCfg = Debug|Any CPU
		{02DCF07F-12FA-4BED-9AF1-9F74DA330DA7}.Release|Any CPU.ActiveCfg = Release|Any CPU
	EndGlobalSection
	GlobalSection(SolutionProperties) = preSolution
		HideSolutionNode = FALSE
	EndGlobalSection
	GlobalSection(ExtensibilityGlobals) = postSolution
		SolutionGuid = {1F9DA8DE-B60A-4604-A08A-E384BA207AA1}
	EndGlobalSection
EndGlobal
